Microsoft Visual Studio Solution File, Format Version 10.00
# Visual Studio 2008

Project("{A66344CE-BCA5-3205-D206-B30BD5B2B0F1}") = "FantasyBattleDeluxe7-14-12", "Assembly-UnityScript.unityproj", "{BA60451F-7EC3-F551-E7E9-8BEE3DC91ADA}"
EndProject
Global
	GlobalSection(SolutionConfigurationPlatforms) = preSolution
		Debug|Any CPU = Debug|Any CPU
		Release|Any CPU = Release|Any CPU
	EndGlobalSection
	GlobalSection(ProjectConfigurationPlatforms) = postSolution
		{BA60451F-7EC3-F551-E7E9-8BEE3DC91ADA}.Debug|Any CPU.ActiveCfg = Debug|Any CPU
		{BA60451F-7EC3-F551-E7E9-8BEE3DC91ADA}.Debug|Any CPU.Build.0 = Debug|Any CPU
		{BA60451F-7EC3-F551-E7E9-8BEE3DC91ADA}.Release|Any CPU.ActiveCfg = Release|Any CPU
		{BA60451F-7EC3-F551-E7E9-8BEE3DC91ADA}.Release|Any CPU.Build.0 = Release|Any CPU
	EndGlobalSection
	GlobalSection(SolutionProperties) = preSolution
		HideSolutionNode = FALSE
	EndGlobalSection
	
EndGlobal
