Microsoft Visual Studio Solution File, Format Version 10.00
# Visual Studio 2008

Project("{6A64C1DD-22DF-759E-15DD-E34529853E30}") = "FantasyBattleDeluxe7-13-12", "Assembly-UnityScript.unityproj", "{D824E041-2BA0-082D-93BA-3EC33CD192C6}"
EndProject
Global
	GlobalSection(SolutionConfigurationPlatforms) = preSolution
		Debug|Any CPU = Debug|Any CPU
		Release|Any CPU = Release|Any CPU
	EndGlobalSection
	GlobalSection(ProjectConfigurationPlatforms) = postSolution
		{D824E041-2BA0-082D-93BA-3EC33CD192C6}.Debug|Any CPU.ActiveCfg = Debug|Any CPU
		{D824E041-2BA0-082D-93BA-3EC33CD192C6}.Debug|Any CPU.Build.0 = Debug|Any CPU
		{D824E041-2BA0-082D-93BA-3EC33CD192C6}.Release|Any CPU.ActiveCfg = Release|Any CPU
		{D824E041-2BA0-082D-93BA-3EC33CD192C6}.Release|Any CPU.Build.0 = Release|Any CPU
	EndGlobalSection
	GlobalSection(SolutionProperties) = preSolution
		HideSolutionNode = FALSE
	EndGlobalSection
	
EndGlobal
