Microsoft Visual Studio Solution File, Format Version 10.00
# Visual Studio 2008

Project("{B24AD79F-19D7-686E-E824-1C7DBF46D000}") = "FantasyBattleDeluxe4-3-12", "Assembly-UnityScript.unityproj", "{EEAFD044-9336-69F7-7153-91D8ED2D5D52}"
EndProject
Global
	GlobalSection(SolutionConfigurationPlatforms) = preSolution
		Debug|Any CPU = Debug|Any CPU
		Release|Any CPU = Release|Any CPU
	EndGlobalSection
	GlobalSection(ProjectConfigurationPlatforms) = postSolution
		{EEAFD044-9336-69F7-7153-91D8ED2D5D52}.Debug|Any CPU.ActiveCfg = Debug|Any CPU
		{EEAFD044-9336-69F7-7153-91D8ED2D5D52}.Debug|Any CPU.Build.0 = Debug|Any CPU
		{EEAFD044-9336-69F7-7153-91D8ED2D5D52}.Release|Any CPU.ActiveCfg = Release|Any CPU
		{EEAFD044-9336-69F7-7153-91D8ED2D5D52}.Release|Any CPU.Build.0 = Release|Any CPU
	EndGlobalSection
	GlobalSection(SolutionProperties) = preSolution
		HideSolutionNode = FALSE
	EndGlobalSection
	
EndGlobal
