Microsoft Visual Studio Solution File, Format Version 10.00
# Visual Studio 2008

Project("{35F7AD2D-A34C-03BA-66E8-BF8468CBC939}") = "FantasyBattleDeluxe3-15-12", "Assembly-CSharp.csproj", "{F651F848-DD8A-07C7-1BA0-D62D29E2576D}"
EndProject
Project("{35F7AD2D-A34C-03BA-66E8-BF8468CBC939}") = "FantasyBattleDeluxe3-15-12", "Assembly-UnityScript.unityproj", "{9E84600B-12DF-0820-44F4-08757C5283C5}"
EndProject
Global
	GlobalSection(SolutionConfigurationPlatforms) = preSolution
		Debug|Any CPU = Debug|Any CPU
		Release|Any CPU = Release|Any CPU
	EndGlobalSection
	GlobalSection(ProjectConfigurationPlatforms) = postSolution
		{F651F848-DD8A-07C7-1BA0-D62D29E2576D}.Debug|Any CPU.ActiveCfg = Debug|Any CPU
		{F651F848-DD8A-07C7-1BA0-D62D29E2576D}.Debug|Any CPU.Build.0 = Debug|Any CPU
		{F651F848-DD8A-07C7-1BA0-D62D29E2576D}.Release|Any CPU.ActiveCfg = Release|Any CPU
		{F651F848-DD8A-07C7-1BA0-D62D29E2576D}.Release|Any CPU.Build.0 = Release|Any CPU
		{9E84600B-12DF-0820-44F4-08757C5283C5}.Debug|Any CPU.ActiveCfg = Debug|Any CPU
		{9E84600B-12DF-0820-44F4-08757C5283C5}.Debug|Any CPU.Build.0 = Debug|Any CPU
		{9E84600B-12DF-0820-44F4-08757C5283C5}.Release|Any CPU.ActiveCfg = Release|Any CPU
		{9E84600B-12DF-0820-44F4-08757C5283C5}.Release|Any CPU.Build.0 = Release|Any CPU
	EndGlobalSection
	GlobalSection(SolutionProperties) = preSolution
		HideSolutionNode = FALSE
	EndGlobalSection
	
EndGlobal
