Microsoft Visual Studio Solution File, Format Version 10.00
# Visual Studio 2008

Project("{02A51088-5521-95C1-2EA3-0E6C3ABF83C4}") = "FantasyBattleDeluxe", "Assembly-CSharp.csproj", "{1003B5F0-AFC1-111D-5516-9B44E0EAC514}"
EndProject
Project("{02A51088-5521-95C1-2EA3-0E6C3ABF83C4}") = "FantasyBattleDeluxe", "Assembly-UnityScript.unityproj", "{2DBA0F56-2895-6763-DDD3-55956954BCD5}"
EndProject
Global
	GlobalSection(SolutionConfigurationPlatforms) = preSolution
		Debug|Any CPU = Debug|Any CPU
		Release|Any CPU = Release|Any CPU
	EndGlobalSection
	GlobalSection(ProjectConfigurationPlatforms) = postSolution
		{1003B5F0-AFC1-111D-5516-9B44E0EAC514}.Debug|Any CPU.ActiveCfg = Debug|Any CPU
		{1003B5F0-AFC1-111D-5516-9B44E0EAC514}.Debug|Any CPU.Build.0 = Debug|Any CPU
		{1003B5F0-AFC1-111D-5516-9B44E0EAC514}.Release|Any CPU.ActiveCfg = Release|Any CPU
		{1003B5F0-AFC1-111D-5516-9B44E0EAC514}.Release|Any CPU.Build.0 = Release|Any CPU
		{2DBA0F56-2895-6763-DDD3-55956954BCD5}.Debug|Any CPU.ActiveCfg = Debug|Any CPU
		{2DBA0F56-2895-6763-DDD3-55956954BCD5}.Debug|Any CPU.Build.0 = Debug|Any CPU
		{2DBA0F56-2895-6763-DDD3-55956954BCD5}.Release|Any CPU.ActiveCfg = Release|Any CPU
		{2DBA0F56-2895-6763-DDD3-55956954BCD5}.Release|Any CPU.Build.0 = Release|Any CPU
	EndGlobalSection
	GlobalSection(SolutionProperties) = preSolution
		HideSolutionNode = FALSE
	EndGlobalSection
	
EndGlobal
