
Microsoft Visual Studio Solution File, Format Version 12.00
# Visual Studio 2012
Project("{FAE04EC0-301F-11D3-BF4B-00C04F79EFBC}") = "HOA-Core", "HOA-Core.csproj", "{C75F7D5B-063F-4587-9F06-EEB3B983FB1E}"
EndProject
Global
	GlobalSection(SolutionConfigurationPlatforms) = preSolution
		Debug|Any CPU = Debug|Any CPU
		Release|Any CPU = Release|Any CPU
	EndGlobalSection
	GlobalSection(ProjectConfigurationPlatforms) = postSolution
		{C75F7D5B-063F-4587-9F06-EEB3B983FB1E}.Debug|Any CPU.ActiveCfg = Debug|Any CPU
		{C75F7D5B-063F-4587-9F06-EEB3B983FB1E}.Debug|Any CPU.Build.0 = Debug|Any CPU
		{C75F7D5B-063F-4587-9F06-EEB3B983FB1E}.Release|Any CPU.ActiveCfg = Release|Any CPU
		{C75F7D5B-063F-4587-9F06-EEB3B983FB1E}.Release|Any CPU.Build.0 = Release|Any CPU
	EndGlobalSection
	GlobalSection(SolutionProperties) = preSolution
		HideSolutionNode = FALSE
	EndGlobalSection
EndGlobal
